
Microsoft Visual Studio Solution File, Format Version 12.00
# Visual Studio 15
VisualStudioVersion = 15.0.28010.2050
MinimumVisualStudioVersion = 10.0.40219.1
Project("{FAE04EC0-301F-11D3-BF4B-00C04F79EFBC}") = "GameStateAnalyzer", "GameStateAnalyzer\GameStateAnalyzer.csproj", "{B44C55A8-C670-44B1-B1E8-0E4FF308F075}"
EndProject
Project("{FAE04EC0-301F-11D3-BF4B-00C04F79EFBC}") = "ImageProcessor", "ImageProcessor\ImageProcessor.csproj", "{D1392BF7-F7F4-4385-8A40-177E696EC509}"
EndProject
Global
	GlobalSection(SolutionConfigurationPlatforms) = preSolution
		Debug|Any CPU = Debug|Any CPU
		Release|Any CPU = Release|Any CPU
	EndGlobalSection
	GlobalSection(ProjectConfigurationPlatforms) = postSolution
		{B44C55A8-C670-44B1-B1E8-0E4FF308F075}.Debug|Any CPU.ActiveCfg = Debug|Any CPU
		{B44C55A8-C670-44B1-B1E8-0E4FF308F075}.Debug|Any CPU.Build.0 = Debug|Any CPU
		{B44C55A8-C670-44B1-B1E8-0E4FF308F075}.Release|Any CPU.ActiveCfg = Release|Any CPU
		{B44C55A8-C670-44B1-B1E8-0E4FF308F075}.Release|Any CPU.Build.0 = Release|Any CPU
		{D1392BF7-F7F4-4385-8A40-177E696EC509}.Debug|Any CPU.ActiveCfg = Debug|Any CPU
		{D1392BF7-F7F4-4385-8A40-177E696EC509}.Debug|Any CPU.Build.0 = Debug|Any CPU
		{D1392BF7-F7F4-4385-8A40-177E696EC509}.Release|Any CPU.ActiveCfg = Release|Any CPU
		{D1392BF7-F7F4-4385-8A40-177E696EC509}.Release|Any CPU.Build.0 = Release|Any CPU
	EndGlobalSection
	GlobalSection(SolutionProperties) = preSolution
		HideSolutionNode = FALSE
	EndGlobalSection
	GlobalSection(ExtensibilityGlobals) = postSolution
		SolutionGuid = {2A8D4415-DC15-472B-AF45-C89E419BBD89}
	EndGlobalSection
EndGlobal
